
Microsoft Visual Studio Solution File, Format Version 12.00
# Visual Studio Version 17
VisualStudioVersion = 17.0.32112.339
MinimumVisualStudioVersion = 10.0.40219.1
Project("{FAE04EC0-301F-11D3-BF4B-00C04F79EFBC}") = "WinCalculator01", "WinCalculator01\WinCalculator01.csproj", "{E5134175-129E-4B1A-A5AA-3EDBB5EBEE3D}"
EndProject
Project("{FAE04EC0-301F-11D3-BF4B-00C04F79EFBC}") = "Wincalci01", "Wincalci01\Wincalci01.csproj", "{CFE02BC1-38BA-4F74-82B7-53A60B9A99C1}"
EndProject
Global
	GlobalSection(SolutionConfigurationPlatforms) = preSolution
		Debug|Any CPU = Debug|Any CPU
		Release|Any CPU = Release|Any CPU
	EndGlobalSection
	GlobalSection(ProjectConfigurationPlatforms) = postSolution
		{E5134175-129E-4B1A-A5AA-3EDBB5EBEE3D}.Debug|Any CPU.ActiveCfg = Debug|Any CPU
		{E5134175-129E-4B1A-A5AA-3EDBB5EBEE3D}.Debug|Any CPU.Build.0 = Debug|Any CPU
		{E5134175-129E-4B1A-A5AA-3EDBB5EBEE3D}.Release|Any CPU.ActiveCfg = Release|Any CPU
		{E5134175-129E-4B1A-A5AA-3EDBB5EBEE3D}.Release|Any CPU.Build.0 = Release|Any CPU
		{CFE02BC1-38BA-4F74-82B7-53A60B9A99C1}.Debug|Any CPU.ActiveCfg = Debug|Any CPU
		{CFE02BC1-38BA-4F74-82B7-53A60B9A99C1}.Debug|Any CPU.Build.0 = Debug|Any CPU
		{CFE02BC1-38BA-4F74-82B7-53A60B9A99C1}.Release|Any CPU.ActiveCfg = Release|Any CPU
		{CFE02BC1-38BA-4F74-82B7-53A60B9A99C1}.Release|Any CPU.Build.0 = Release|Any CPU
	EndGlobalSection
	GlobalSection(SolutionProperties) = preSolution
		HideSolutionNode = FALSE
	EndGlobalSection
	GlobalSection(ExtensibilityGlobals) = postSolution
		SolutionGuid = {DFC01365-1BF4-4E6E-B439-0D11655FB861}
	EndGlobalSection
EndGlobal
